
Microsoft Visual Studio Solution File, Format Version 12.00
# Visual Studio Version 16
VisualStudioVersion = 16.0.30621.155
MinimumVisualStudioVersion = 10.0.40219.1
Project("{FAE04EC0-301F-11D3-BF4B-00C04F79EFBC}") = "Pikaball", "Pikaball\Pikaball.csproj", "{3C09C560-181A-46AC-9628-93C8E0305BF7}"
EndProject
Global
	GlobalSection(SolutionConfigurationPlatforms) = preSolution
		Debug|Any CPU = Debug|Any CPU
		Release|Any CPU = Release|Any CPU
	EndGlobalSection
	GlobalSection(ProjectConfigurationPlatforms) = postSolution
		{3C09C560-181A-46AC-9628-93C8E0305BF7}.Debug|Any CPU.ActiveCfg = Debug|Any CPU
		{3C09C560-181A-46AC-9628-93C8E0305BF7}.Debug|Any CPU.Build.0 = Debug|Any CPU
		{3C09C560-181A-46AC-9628-93C8E0305BF7}.Release|Any CPU.ActiveCfg = Release|Any CPU
		{3C09C560-181A-46AC-9628-93C8E0305BF7}.Release|Any CPU.Build.0 = Release|Any CPU
	EndGlobalSection
	GlobalSection(SolutionProperties) = preSolution
		HideSolutionNode = FALSE
	EndGlobalSection
	GlobalSection(ExtensibilityGlobals) = postSolution
		SolutionGuid = {B3830991-370D-4C44-9785-EE85E7BEA881}
	EndGlobalSection
EndGlobal
